
Microsoft Visual Studio Solution File, Format Version 12.00
Project("{FAE04EC0-301F-11D3-BF4B-00C04F79EFBC}") = "Module5HW2", "Module5HW2\Module5HW2.csproj", "{497FA08A-69E4-41C3-A008-93CF190FCE66}"
EndProject
Global
	GlobalSection(SolutionConfigurationPlatforms) = preSolution
		Debug|Any CPU = Debug|Any CPU
		Release|Any CPU = Release|Any CPU
	EndGlobalSection
	GlobalSection(ProjectConfigurationPlatforms) = postSolution
		{497FA08A-69E4-41C3-A008-93CF190FCE66}.Debug|Any CPU.ActiveCfg = Debug|Any CPU
		{497FA08A-69E4-41C3-A008-93CF190FCE66}.Debug|Any CPU.Build.0 = Debug|Any CPU
		{497FA08A-69E4-41C3-A008-93CF190FCE66}.Release|Any CPU.ActiveCfg = Release|Any CPU
		{497FA08A-69E4-41C3-A008-93CF190FCE66}.Release|Any CPU.Build.0 = Release|Any CPU
	EndGlobalSection
EndGlobal
